
Microsoft Visual Studio Solution File, Format Version 12.00
# Visual Studio Version 16
VisualStudioVersion = 16.0.32228.343
MinimumVisualStudioVersion = 10.0.40219.1
Project("{FAE04EC0-301F-11D3-BF4B-00C04F79EFBC}") = "Backend", "Backend\Backend.csproj", "{FB2B5C6C-A318-47F0-BC9E-167CB8444979}"
EndProject
Global
	GlobalSection(SolutionConfigurationPlatforms) = preSolution
		Debug|Any CPU = Debug|Any CPU
		Release|Any CPU = Release|Any CPU
	EndGlobalSection
	GlobalSection(ProjectConfigurationPlatforms) = postSolution
		{FB2B5C6C-A318-47F0-BC9E-167CB8444979}.Debug|Any CPU.ActiveCfg = Debug|Any CPU
		{FB2B5C6C-A318-47F0-BC9E-167CB8444979}.Debug|Any CPU.Build.0 = Debug|Any CPU
		{FB2B5C6C-A318-47F0-BC9E-167CB8444979}.Release|Any CPU.ActiveCfg = Release|Any CPU
		{FB2B5C6C-A318-47F0-BC9E-167CB8444979}.Release|Any CPU.Build.0 = Release|Any CPU
	EndGlobalSection
	GlobalSection(SolutionProperties) = preSolution
		HideSolutionNode = FALSE
	EndGlobalSection
	GlobalSection(ExtensibilityGlobals) = postSolution
		SolutionGuid = {7C1862DD-96E6-41A6-A57A-70ACDF3420D8}
	EndGlobalSection
EndGlobal
